
Microsoft Visual Studio Solution File, Format Version 12.00
# Visual Studio Version 17
VisualStudioVersion = 17.0.31903.59
MinimumVisualStudioVersion = 10.0.40219.1
Project("{9A19103F-16F7-4668-BE54-9A1E7A4F7556}") = "G2Cy.Log4Net", "G2Cy.Log4Net\G2Cy.Log4Net.csproj", "{80ADA929-9F67-4F9A-9F39-1F6FC725C9B1}"
EndProject
Project("{9A19103F-16F7-4668-BE54-9A1E7A4F7556}") = "G2Cy.WpfHost", "G2Cy.WpfHost\G2Cy.WpfHost.csproj", "{45AF422C-F5B4-478E-960F-062F7231ED86}"
EndProject
Project("{9A19103F-16F7-4668-BE54-9A1E7A4F7556}") = "G2Cy.PluginHosting", "G2Cy.PluginHosting\G2Cy.PluginHosting.csproj", "{5A323EC0-0827-4AB3-B29F-CA2309AAB13A}"
EndProject
Project("{9A19103F-16F7-4668-BE54-9A1E7A4F7556}") = "G2Cy.PluginProcess", "G2Cy.PluginProcess\G2Cy.PluginProcess.csproj", "{04A121C3-BDB7-4A2C-AD2F-E309DA1B441D}"
EndProject
Project("{9A19103F-16F7-4668-BE54-9A1E7A4F7556}") = "G2Cy.PluginProcess64", "G2Cy.PluginProcess64\G2Cy.PluginProcess64.csproj", "{D703A0E5-99A8-4F8C-9862-93C45A055BDE}"
EndProject
Project("{9A19103F-16F7-4668-BE54-9A1E7A4F7556}") = "G2Cy.WpfHost.Interfaces", "G2Cy.WpfHost.Interfaces\G2Cy.WpfHost.Interfaces.csproj", "{DC3018B1-1B69-4928-A71F-88B2FEE9B3AB}"
EndProject
Project("{9A19103F-16F7-4668-BE54-9A1E7A4F7556}") = "BitnessCheck", "BitnessCheck\BitnessCheck.csproj", "{BD4828F4-2D70-4CD8-AFA5-15485A166755}"
EndProject
Project("{9A19103F-16F7-4668-BE54-9A1E7A4F7556}") = "UseLogService", "UseLogService\UseLogService.csproj", "{F1AF0892-402E-4D00-BEF0-7574EFD699D4}"
EndProject
Project("{2150E333-8FDC-42A3-9474-1A3956D46DE8}") = "Plugins", "Plugins", "{61453D30-D81C-403D-B73D-A51F2D0F6CDA}"
EndProject
Project("{9A19103F-16F7-4668-BE54-9A1E7A4F7556}") = "SolarSystem", "SolarSystem\SolarSystem.csproj", "{DBDA4A9B-F3F5-4058-8C3A-CE0ED34559C8}"
EndProject
Project("{2150E333-8FDC-42A3-9474-1A3956D46DE8}") = "Components", "Components", "{0EE433F5-255E-4651-B435-16C3E1B3D2D9}"
EndProject
Project("{2150E333-8FDC-42A3-9474-1A3956D46DE8}") = "Process", "Process", "{BFE7DF85-41EC-4C6A-85FE-F8873EA6F10C}"
EndProject
Project("{2150E333-8FDC-42A3-9474-1A3956D46DE8}") = "Core", "Core", "{B4CC2765-A52D-4D03-A3C4-F7090675D490}"
EndProject
Project("{9A19103F-16F7-4668-BE54-9A1E7A4F7556}") = "EventPublisher", "EventPublisher\EventPublisher.csproj", "{BEA32245-B559-4564-87C3-707ED22D6B88}"
EndProject
Project("{9A19103F-16F7-4668-BE54-9A1E7A4F7556}") = "EventSubscribe", "EventSubscribe\EventSubscribe.csproj", "{110E1FBC-25D6-47DB-8AED-B26520E8B53A}"
EndProject
Project("{9A19103F-16F7-4668-BE54-9A1E7A4F7556}") = "G2Cy.EventAggregator", "G2Cy.EventAggregator\G2Cy.EventAggregator.csproj", "{67014F51-11A8-414C-A36D-926E247FD087}"
EndProject
Global
	GlobalSection(SolutionConfigurationPlatforms) = preSolution
		Debug|Any CPU = Debug|Any CPU
		Debug|x64 = Debug|x64
		Debug|x86 = Debug|x86
		Release|Any CPU = Release|Any CPU
		Release|x64 = Release|x64
		Release|x86 = Release|x86
	EndGlobalSection
	GlobalSection(ProjectConfigurationPlatforms) = postSolution
		{80ADA929-9F67-4F9A-9F39-1F6FC725C9B1}.Debug|Any CPU.ActiveCfg = Debug|Any CPU
		{80ADA929-9F67-4F9A-9F39-1F6FC725C9B1}.Debug|Any CPU.Build.0 = Debug|Any CPU
		{80ADA929-9F67-4F9A-9F39-1F6FC725C9B1}.Debug|x64.ActiveCfg = Debug|Any CPU
		{80ADA929-9F67-4F9A-9F39-1F6FC725C9B1}.Debug|x64.Build.0 = Debug|Any CPU
		{80ADA929-9F67-4F9A-9F39-1F6FC725C9B1}.Debug|x86.ActiveCfg = Debug|Any CPU
		{80ADA929-9F67-4F9A-9F39-1F6FC725C9B1}.Debug|x86.Build.0 = Debug|Any CPU
		{80ADA929-9F67-4F9A-9F39-1F6FC725C9B1}.Release|Any CPU.ActiveCfg = Release|Any CPU
		{80ADA929-9F67-4F9A-9F39-1F6FC725C9B1}.Release|Any CPU.Build.0 = Release|Any CPU
		{80ADA929-9F67-4F9A-9F39-1F6FC725C9B1}.Release|x64.ActiveCfg = Release|Any CPU
		{80ADA929-9F67-4F9A-9F39-1F6FC725C9B1}.Release|x64.Build.0 = Release|Any CPU
		{80ADA929-9F67-4F9A-9F39-1F6FC725C9B1}.Release|x86.ActiveCfg = Release|Any CPU
		{80ADA929-9F67-4F9A-9F39-1F6FC725C9B1}.Release|x86.Build.0 = Release|Any CPU
		{45AF422C-F5B4-478E-960F-062F7231ED86}.Debug|Any CPU.ActiveCfg = Debug|Any CPU
		{45AF422C-F5B4-478E-960F-062F7231ED86}.Debug|Any CPU.Build.0 = Debug|Any CPU
		{45AF422C-F5B4-478E-960F-062F7231ED86}.Debug|x64.ActiveCfg = Debug|Any CPU
		{45AF422C-F5B4-478E-960F-062F7231ED86}.Debug|x64.Build.0 = Debug|Any CPU
		{45AF422C-F5B4-478E-960F-062F7231ED86}.Debug|x86.ActiveCfg = Debug|Any CPU
		{45AF422C-F5B4-478E-960F-062F7231ED86}.Debug|x86.Build.0 = Debug|Any CPU
		{45AF422C-F5B4-478E-960F-062F7231ED86}.Release|Any CPU.ActiveCfg = Release|Any CPU
		{45AF422C-F5B4-478E-960F-062F7231ED86}.Release|Any CPU.Build.0 = Release|Any CPU
		{45AF422C-F5B4-478E-960F-062F7231ED86}.Release|x64.ActiveCfg = Release|Any CPU
		{45AF422C-F5B4-478E-960F-062F7231ED86}.Release|x64.Build.0 = Release|Any CPU
		{45AF422C-F5B4-478E-960F-062F7231ED86}.Release|x86.ActiveCfg = Release|Any CPU
		{45AF422C-F5B4-478E-960F-062F7231ED86}.Release|x86.Build.0 = Release|Any CPU
		{5A323EC0-0827-4AB3-B29F-CA2309AAB13A}.Debug|Any CPU.ActiveCfg = Debug|Any CPU
		{5A323EC0-0827-4AB3-B29F-CA2309AAB13A}.Debug|Any CPU.Build.0 = Debug|Any CPU
		{5A323EC0-0827-4AB3-B29F-CA2309AAB13A}.Debug|x64.ActiveCfg = Debug|Any CPU
		{5A323EC0-0827-4AB3-B29F-CA2309AAB13A}.Debug|x64.Build.0 = Debug|Any CPU
		{5A323EC0-0827-4AB3-B29F-CA2309AAB13A}.Debug|x86.ActiveCfg = Debug|Any CPU
		{5A323EC0-0827-4AB3-B29F-CA2309AAB13A}.Debug|x86.Build.0 = Debug|Any CPU
		{5A323EC0-0827-4AB3-B29F-CA2309AAB13A}.Release|Any CPU.ActiveCfg = Release|Any CPU
		{5A323EC0-0827-4AB3-B29F-CA2309AAB13A}.Release|Any CPU.Build.0 = Release|Any CPU
		{5A323EC0-0827-4AB3-B29F-CA2309AAB13A}.Release|x64.ActiveCfg = Release|Any CPU
		{5A323EC0-0827-4AB3-B29F-CA2309AAB13A}.Release|x64.Build.0 = Release|Any CPU
		{5A323EC0-0827-4AB3-B29F-CA2309AAB13A}.Release|x86.ActiveCfg = Release|Any CPU
		{5A323EC0-0827-4AB3-B29F-CA2309AAB13A}.Release|x86.Build.0 = Release|Any CPU
		{04A121C3-BDB7-4A2C-AD2F-E309DA1B441D}.Debug|Any CPU.ActiveCfg = Debug|Any CPU
		{04A121C3-BDB7-4A2C-AD2F-E309DA1B441D}.Debug|Any CPU.Build.0 = Debug|Any CPU
		{04A121C3-BDB7-4A2C-AD2F-E309DA1B441D}.Debug|x64.ActiveCfg = Debug|Any CPU
		{04A121C3-BDB7-4A2C-AD2F-E309DA1B441D}.Debug|x64.Build.0 = Debug|Any CPU
		{04A121C3-BDB7-4A2C-AD2F-E309DA1B441D}.Debug|x86.ActiveCfg = Debug|Any CPU
		{04A121C3-BDB7-4A2C-AD2F-E309DA1B441D}.Debug|x86.Build.0 = Debug|Any CPU
		{04A121C3-BDB7-4A2C-AD2F-E309DA1B441D}.Release|Any CPU.ActiveCfg = Release|Any CPU
		{04A121C3-BDB7-4A2C-AD2F-E309DA1B441D}.Release|Any CPU.Build.0 = Release|Any CPU
		{04A121C3-BDB7-4A2C-AD2F-E309DA1B441D}.Release|x64.ActiveCfg = Release|Any CPU
		{04A121C3-BDB7-4A2C-AD2F-E309DA1B441D}.Release|x64.Build.0 = Release|Any CPU
		{04A121C3-BDB7-4A2C-AD2F-E309DA1B441D}.Release|x86.ActiveCfg = Release|Any CPU
		{04A121C3-BDB7-4A2C-AD2F-E309DA1B441D}.Release|x86.Build.0 = Release|Any CPU
		{D703A0E5-99A8-4F8C-9862-93C45A055BDE}.Debug|Any CPU.ActiveCfg = Debug|Any CPU
		{D703A0E5-99A8-4F8C-9862-93C45A055BDE}.Debug|Any CPU.Build.0 = Debug|Any CPU
		{D703A0E5-99A8-4F8C-9862-93C45A055BDE}.Debug|x64.ActiveCfg = Debug|Any CPU
		{D703A0E5-99A8-4F8C-9862-93C45A055BDE}.Debug|x64.Build.0 = Debug|Any CPU
		{D703A0E5-99A8-4F8C-9862-93C45A055BDE}.Debug|x86.ActiveCfg = Debug|Any CPU
		{D703A0E5-99A8-4F8C-9862-93C45A055BDE}.Debug|x86.Build.0 = Debug|Any CPU
		{D703A0E5-99A8-4F8C-9862-93C45A055BDE}.Release|Any CPU.ActiveCfg = Release|Any CPU
		{D703A0E5-99A8-4F8C-9862-93C45A055BDE}.Release|Any CPU.Build.0 = Release|Any CPU
		{D703A0E5-99A8-4F8C-9862-93C45A055BDE}.Release|x64.ActiveCfg = Release|Any CPU
		{D703A0E5-99A8-4F8C-9862-93C45A055BDE}.Release|x64.Build.0 = Release|Any CPU
		{D703A0E5-99A8-4F8C-9862-93C45A055BDE}.Release|x86.ActiveCfg = Release|Any CPU
		{D703A0E5-99A8-4F8C-9862-93C45A055BDE}.Release|x86.Build.0 = Release|Any CPU
		{DC3018B1-1B69-4928-A71F-88B2FEE9B3AB}.Debug|Any CPU.ActiveCfg = Debug|Any CPU
		{DC3018B1-1B69-4928-A71F-88B2FEE9B3AB}.Debug|Any CPU.Build.0 = Debug|Any CPU
		{DC3018B1-1B69-4928-A71F-88B2FEE9B3AB}.Debug|x64.ActiveCfg = Debug|Any CPU
		{DC3018B1-1B69-4928-A71F-88B2FEE9B3AB}.Debug|x64.Build.0 = Debug|Any CPU
		{DC3018B1-1B69-4928-A71F-88B2FEE9B3AB}.Debug|x86.ActiveCfg = Debug|Any CPU
		{DC3018B1-1B69-4928-A71F-88B2FEE9B3AB}.Debug|x86.Build.0 = Debug|Any CPU
		{DC3018B1-1B69-4928-A71F-88B2FEE9B3AB}.Release|Any CPU.ActiveCfg = Release|Any CPU
		{DC3018B1-1B69-4928-A71F-88B2FEE9B3AB}.Release|Any CPU.Build.0 = Release|Any CPU
		{DC3018B1-1B69-4928-A71F-88B2FEE9B3AB}.Release|x64.ActiveCfg = Release|Any CPU
		{DC3018B1-1B69-4928-A71F-88B2FEE9B3AB}.Release|x64.Build.0 = Release|Any CPU
		{DC3018B1-1B69-4928-A71F-88B2FEE9B3AB}.Release|x86.ActiveCfg = Release|Any CPU
		{DC3018B1-1B69-4928-A71F-88B2FEE9B3AB}.Release|x86.Build.0 = Release|Any CPU
		{BD4828F4-2D70-4CD8-AFA5-15485A166755}.Debug|Any CPU.ActiveCfg = Debug|Any CPU
		{BD4828F4-2D70-4CD8-AFA5-15485A166755}.Debug|Any CPU.Build.0 = Debug|Any CPU
		{BD4828F4-2D70-4CD8-AFA5-15485A166755}.Debug|x64.ActiveCfg = Debug|x64
		{BD4828F4-2D70-4CD8-AFA5-15485A166755}.Debug|x64.Build.0 = Debug|x64
		{BD4828F4-2D70-4CD8-AFA5-15485A166755}.Debug|x86.ActiveCfg = Debug|x86
		{BD4828F4-2D70-4CD8-AFA5-15485A166755}.Debug|x86.Build.0 = Debug|x86
		{BD4828F4-2D70-4CD8-AFA5-15485A166755}.Release|Any CPU.ActiveCfg = Release|Any CPU
		{BD4828F4-2D70-4CD8-AFA5-15485A166755}.Release|Any CPU.Build.0 = Release|Any CPU
		{BD4828F4-2D70-4CD8-AFA5-15485A166755}.Release|x64.ActiveCfg = Release|x64
		{BD4828F4-2D70-4CD8-AFA5-15485A166755}.Release|x64.Build.0 = Release|x64
		{BD4828F4-2D70-4CD8-AFA5-15485A166755}.Release|x86.ActiveCfg = Release|x86
		{BD4828F4-2D70-4CD8-AFA5-15485A166755}.Release|x86.Build.0 = Release|x86
		{F1AF0892-402E-4D00-BEF0-7574EFD699D4}.Debug|Any CPU.ActiveCfg = Debug|Any CPU
		{F1AF0892-402E-4D00-BEF0-7574EFD699D4}.Debug|Any CPU.Build.0 = Debug|Any CPU
		{F1AF0892-402E-4D00-BEF0-7574EFD699D4}.Debug|x64.ActiveCfg = Debug|Any CPU
		{F1AF0892-402E-4D00-BEF0-7574EFD699D4}.Debug|x64.Build.0 = Debug|Any CPU
		{F1AF0892-402E-4D00-BEF0-7574EFD699D4}.Debug|x86.ActiveCfg = Debug|Any CPU
		{F1AF0892-402E-4D00-BEF0-7574EFD699D4}.Debug|x86.Build.0 = Debug|Any CPU
		{F1AF0892-402E-4D00-BEF0-7574EFD699D4}.Release|Any CPU.ActiveCfg = Release|Any CPU
		{F1AF0892-402E-4D00-BEF0-7574EFD699D4}.Release|Any CPU.Build.0 = Release|Any CPU
		{F1AF0892-402E-4D00-BEF0-7574EFD699D4}.Release|x64.ActiveCfg = Release|Any CPU
		{F1AF0892-402E-4D00-BEF0-7574EFD699D4}.Release|x64.Build.0 = Release|Any CPU
		{F1AF0892-402E-4D00-BEF0-7574EFD699D4}.Release|x86.ActiveCfg = Release|Any CPU
		{F1AF0892-402E-4D00-BEF0-7574EFD699D4}.Release|x86.Build.0 = Release|Any CPU
		{DBDA4A9B-F3F5-4058-8C3A-CE0ED34559C8}.Debug|Any CPU.ActiveCfg = Debug|Any CPU
		{DBDA4A9B-F3F5-4058-8C3A-CE0ED34559C8}.Debug|Any CPU.Build.0 = Debug|Any CPU
		{DBDA4A9B-F3F5-4058-8C3A-CE0ED34559C8}.Debug|x64.ActiveCfg = Debug|Any CPU
		{DBDA4A9B-F3F5-4058-8C3A-CE0ED34559C8}.Debug|x64.Build.0 = Debug|Any CPU
		{DBDA4A9B-F3F5-4058-8C3A-CE0ED34559C8}.Debug|x86.ActiveCfg = Debug|Any CPU
		{DBDA4A9B-F3F5-4058-8C3A-CE0ED34559C8}.Debug|x86.Build.0 = Debug|Any CPU
		{DBDA4A9B-F3F5-4058-8C3A-CE0ED34559C8}.Release|Any CPU.ActiveCfg = Release|Any CPU
		{DBDA4A9B-F3F5-4058-8C3A-CE0ED34559C8}.Release|Any CPU.Build.0 = Release|Any CPU
		{DBDA4A9B-F3F5-4058-8C3A-CE0ED34559C8}.Release|x64.ActiveCfg = Release|Any CPU
		{DBDA4A9B-F3F5-4058-8C3A-CE0ED34559C8}.Release|x64.Build.0 = Release|Any CPU
		{DBDA4A9B-F3F5-4058-8C3A-CE0ED34559C8}.Release|x86.ActiveCfg = Release|Any CPU
		{DBDA4A9B-F3F5-4058-8C3A-CE0ED34559C8}.Release|x86.Build.0 = Release|Any CPU
		{BEA32245-B559-4564-87C3-707ED22D6B88}.Debug|Any CPU.ActiveCfg = Debug|Any CPU
		{BEA32245-B559-4564-87C3-707ED22D6B88}.Debug|Any CPU.Build.0 = Debug|Any CPU
		{BEA32245-B559-4564-87C3-707ED22D6B88}.Debug|x64.ActiveCfg = Debug|Any CPU
		{BEA32245-B559-4564-87C3-707ED22D6B88}.Debug|x64.Build.0 = Debug|Any CPU
		{BEA32245-B559-4564-87C3-707ED22D6B88}.Debug|x86.ActiveCfg = Debug|Any CPU
		{BEA32245-B559-4564-87C3-707ED22D6B88}.Debug|x86.Build.0 = Debug|Any CPU
		{BEA32245-B559-4564-87C3-707ED22D6B88}.Release|Any CPU.ActiveCfg = Release|Any CPU
		{BEA32245-B559-4564-87C3-707ED22D6B88}.Release|Any CPU.Build.0 = Release|Any CPU
		{BEA32245-B559-4564-87C3-707ED22D6B88}.Release|x64.ActiveCfg = Release|Any CPU
		{BEA32245-B559-4564-87C3-707ED22D6B88}.Release|x64.Build.0 = Release|Any CPU
		{BEA32245-B559-4564-87C3-707ED22D6B88}.Release|x86.ActiveCfg = Release|Any CPU
		{BEA32245-B559-4564-87C3-707ED22D6B88}.Release|x86.Build.0 = Release|Any CPU
		{110E1FBC-25D6-47DB-8AED-B26520E8B53A}.Debug|Any CPU.ActiveCfg = Debug|Any CPU
		{110E1FBC-25D6-47DB-8AED-B26520E8B53A}.Debug|Any CPU.Build.0 = Debug|Any CPU
		{110E1FBC-25D6-47DB-8AED-B26520E8B53A}.Debug|x64.ActiveCfg = Debug|Any CPU
		{110E1FBC-25D6-47DB-8AED-B26520E8B53A}.Debug|x64.Build.0 = Debug|Any CPU
		{110E1FBC-25D6-47DB-8AED-B26520E8B53A}.Debug|x86.ActiveCfg = Debug|Any CPU
		{110E1FBC-25D6-47DB-8AED-B26520E8B53A}.Debug|x86.Build.0 = Debug|Any CPU
		{110E1FBC-25D6-47DB-8AED-B26520E8B53A}.Release|Any CPU.ActiveCfg = Release|Any CPU
		{110E1FBC-25D6-47DB-8AED-B26520E8B53A}.Release|Any CPU.Build.0 = Release|Any CPU
		{110E1FBC-25D6-47DB-8AED-B26520E8B53A}.Release|x64.ActiveCfg = Release|Any CPU
		{110E1FBC-25D6-47DB-8AED-B26520E8B53A}.Release|x64.Build.0 = Release|Any CPU
		{110E1FBC-25D6-47DB-8AED-B26520E8B53A}.Release|x86.ActiveCfg = Release|Any CPU
		{110E1FBC-25D6-47DB-8AED-B26520E8B53A}.Release|x86.Build.0 = Release|Any CPU
		{67014F51-11A8-414C-A36D-926E247FD087}.Debug|Any CPU.ActiveCfg = Debug|Any CPU
		{67014F51-11A8-414C-A36D-926E247FD087}.Debug|Any CPU.Build.0 = Debug|Any CPU
		{67014F51-11A8-414C-A36D-926E247FD087}.Debug|x64.ActiveCfg = Debug|Any CPU
		{67014F51-11A8-414C-A36D-926E247FD087}.Debug|x64.Build.0 = Debug|Any CPU
		{67014F51-11A8-414C-A36D-926E247FD087}.Debug|x86.ActiveCfg = Debug|Any CPU
		{67014F51-11A8-414C-A36D-926E247FD087}.Debug|x86.Build.0 = Debug|Any CPU
		{67014F51-11A8-414C-A36D-926E247FD087}.Release|Any CPU.ActiveCfg = Release|Any CPU
		{67014F51-11A8-414C-A36D-926E247FD087}.Release|Any CPU.Build.0 = Release|Any CPU
		{67014F51-11A8-414C-A36D-926E247FD087}.Release|x64.ActiveCfg = Release|Any CPU
		{67014F51-11A8-414C-A36D-926E247FD087}.Release|x64.Build.0 = Release|Any CPU
		{67014F51-11A8-414C-A36D-926E247FD087}.Release|x86.ActiveCfg = Release|Any CPU
		{67014F51-11A8-414C-A36D-926E247FD087}.Release|x86.Build.0 = Release|Any CPU
	EndGlobalSection
	GlobalSection(SolutionProperties) = preSolution
		HideSolutionNode = FALSE
	EndGlobalSection
	GlobalSection(NestedProjects) = preSolution
		{80ADA929-9F67-4F9A-9F39-1F6FC725C9B1} = {0EE433F5-255E-4651-B435-16C3E1B3D2D9}
		{5A323EC0-0827-4AB3-B29F-CA2309AAB13A} = {B4CC2765-A52D-4D03-A3C4-F7090675D490}
		{04A121C3-BDB7-4A2C-AD2F-E309DA1B441D} = {BFE7DF85-41EC-4C6A-85FE-F8873EA6F10C}
		{D703A0E5-99A8-4F8C-9862-93C45A055BDE} = {BFE7DF85-41EC-4C6A-85FE-F8873EA6F10C}
		{DC3018B1-1B69-4928-A71F-88B2FEE9B3AB} = {B4CC2765-A52D-4D03-A3C4-F7090675D490}
		{BD4828F4-2D70-4CD8-AFA5-15485A166755} = {61453D30-D81C-403D-B73D-A51F2D0F6CDA}
		{F1AF0892-402E-4D00-BEF0-7574EFD699D4} = {61453D30-D81C-403D-B73D-A51F2D0F6CDA}
		{DBDA4A9B-F3F5-4058-8C3A-CE0ED34559C8} = {61453D30-D81C-403D-B73D-A51F2D0F6CDA}
		{BEA32245-B559-4564-87C3-707ED22D6B88} = {61453D30-D81C-403D-B73D-A51F2D0F6CDA}
		{110E1FBC-25D6-47DB-8AED-B26520E8B53A} = {61453D30-D81C-403D-B73D-A51F2D0F6CDA}
		{67014F51-11A8-414C-A36D-926E247FD087} = {0EE433F5-255E-4651-B435-16C3E1B3D2D9}
	EndGlobalSection
	GlobalSection(ExtensibilityGlobals) = postSolution
		SolutionGuid = {BF70F036-B815-46E4-A662-9C78F5D4672F}
	EndGlobalSection
EndGlobal
